
Microsoft Visual Studio Solution File, Format Version 12.00
# Visual Studio Version 16
VisualStudioVersion = 16.0.30907.101
MinimumVisualStudioVersion = 10.0.40219.1
Project("{9A19103F-16F7-4668-BE54-9A1E7A4F7556}") = "S2 individuele project CSGO case opening app", "S2 individuele project CSGO case opening app\S2 individuele project CSGO case opening app.csproj", "{9B5C1BAD-4162-43FA-B05D-2CEEB306E4DC}"
EndProject
Project("{FAE04EC0-301F-11D3-BF4B-00C04F79EFBC}") = "Class Library", "Class Library\Class Library.csproj", "{C9C3AE67-77A1-4CA8-AE83-0AF416477A30}"
EndProject
Global
	GlobalSection(SolutionConfigurationPlatforms) = preSolution
		Debug|Any CPU = Debug|Any CPU
		Release|Any CPU = Release|Any CPU
	EndGlobalSection
	GlobalSection(ProjectConfigurationPlatforms) = postSolution
		{9B5C1BAD-4162-43FA-B05D-2CEEB306E4DC}.Debug|Any CPU.ActiveCfg = Debug|Any CPU
		{9B5C1BAD-4162-43FA-B05D-2CEEB306E4DC}.Debug|Any CPU.Build.0 = Debug|Any CPU
		{9B5C1BAD-4162-43FA-B05D-2CEEB306E4DC}.Release|Any CPU.ActiveCfg = Release|Any CPU
		{9B5C1BAD-4162-43FA-B05D-2CEEB306E4DC}.Release|Any CPU.Build.0 = Release|Any CPU
		{C9C3AE67-77A1-4CA8-AE83-0AF416477A30}.Debug|Any CPU.ActiveCfg = Debug|Any CPU
		{C9C3AE67-77A1-4CA8-AE83-0AF416477A30}.Debug|Any CPU.Build.0 = Debug|Any CPU
		{C9C3AE67-77A1-4CA8-AE83-0AF416477A30}.Release|Any CPU.ActiveCfg = Release|Any CPU
		{C9C3AE67-77A1-4CA8-AE83-0AF416477A30}.Release|Any CPU.Build.0 = Release|Any CPU
	EndGlobalSection
	GlobalSection(SolutionProperties) = preSolution
		HideSolutionNode = FALSE
	EndGlobalSection
	GlobalSection(ExtensibilityGlobals) = postSolution
		SolutionGuid = {B9FD8848-4EF1-4E93-8681-522AD027DD4B}
	EndGlobalSection
EndGlobal
